
Microsoft Visual Studio Solution File, Format Version 12.00
Project("{FAE04EC0-301F-11D3-BF4B-00C04F79EFBC}") = "TripSharing.API", "TripSharing.API\TripSharing.API.csproj", "{13861790-CB87-44EE-BA72-F00E97D8EC25}"
EndProject
Project("{FAE04EC0-301F-11D3-BF4B-00C04F79EFBC}") = "TripSharing.Application", "TripSharing.Application\TripSharing.Application.csproj", "{1D1DE984-F500-4876-940D-8E13D89EEBA6}"
EndProject
Project("{FAE04EC0-301F-11D3-BF4B-00C04F79EFBC}") = "TripSharing.Domain", "TripSharing.Domain\TripSharing.Domain.csproj", "{15E60055-FD8D-493C-B3E8-23173B8B6CD8}"
EndProject
Project("{FAE04EC0-301F-11D3-BF4B-00C04F79EFBC}") = "TripSharing.Repository", "TripSharing.Repository\TripSharing.Repository.csproj", "{BC6DB631-332D-41D7-8BE5-43E71F761F63}"
EndProject
Global
	GlobalSection(SolutionConfigurationPlatforms) = preSolution
		Debug|Any CPU = Debug|Any CPU
		Release|Any CPU = Release|Any CPU
	EndGlobalSection
	GlobalSection(ProjectConfigurationPlatforms) = postSolution
		{13861790-CB87-44EE-BA72-F00E97D8EC25}.Debug|Any CPU.ActiveCfg = Debug|Any CPU
		{13861790-CB87-44EE-BA72-F00E97D8EC25}.Debug|Any CPU.Build.0 = Debug|Any CPU
		{13861790-CB87-44EE-BA72-F00E97D8EC25}.Release|Any CPU.ActiveCfg = Release|Any CPU
		{13861790-CB87-44EE-BA72-F00E97D8EC25}.Release|Any CPU.Build.0 = Release|Any CPU
		{1D1DE984-F500-4876-940D-8E13D89EEBA6}.Debug|Any CPU.ActiveCfg = Debug|Any CPU
		{1D1DE984-F500-4876-940D-8E13D89EEBA6}.Debug|Any CPU.Build.0 = Debug|Any CPU
		{1D1DE984-F500-4876-940D-8E13D89EEBA6}.Release|Any CPU.ActiveCfg = Release|Any CPU
		{1D1DE984-F500-4876-940D-8E13D89EEBA6}.Release|Any CPU.Build.0 = Release|Any CPU
		{15E60055-FD8D-493C-B3E8-23173B8B6CD8}.Debug|Any CPU.ActiveCfg = Debug|Any CPU
		{15E60055-FD8D-493C-B3E8-23173B8B6CD8}.Debug|Any CPU.Build.0 = Debug|Any CPU
		{15E60055-FD8D-493C-B3E8-23173B8B6CD8}.Release|Any CPU.ActiveCfg = Release|Any CPU
		{15E60055-FD8D-493C-B3E8-23173B8B6CD8}.Release|Any CPU.Build.0 = Release|Any CPU
		{BC6DB631-332D-41D7-8BE5-43E71F761F63}.Debug|Any CPU.ActiveCfg = Debug|Any CPU
		{BC6DB631-332D-41D7-8BE5-43E71F761F63}.Debug|Any CPU.Build.0 = Debug|Any CPU
		{BC6DB631-332D-41D7-8BE5-43E71F761F63}.Release|Any CPU.ActiveCfg = Release|Any CPU
		{BC6DB631-332D-41D7-8BE5-43E71F761F63}.Release|Any CPU.Build.0 = Release|Any CPU
	EndGlobalSection
EndGlobal
